
Microsoft Visual Studio Solution File, Format Version 12.00
# Visual Studio 14
VisualStudioVersion = 14.0.25420.1
MinimumVisualStudioVersion = 10.0.40219.1
Project("{F184B08F-C81C-45F6-A57F-5ABD9991F28F}") = "VMService", "VMWareService\VMService.vbproj", "{C25B2F00-9BCB-4048-B876-29052E534534}"
EndProject
Project("{2150E333-8FDC-42A3-9474-1A3956D46DE8}") = "Solution Items", "Solution Items", "{F411EA03-DEB5-4CFE-8314-61CDAC80E71E}"
	ProjectSection(SolutionItems) = preProject
		Readme.txt = Readme.txt
	EndProjectSection
EndProject
Project("{F184B08F-C81C-45F6-A57F-5ABD9991F28F}") = "UpdateServiceVMX", "UpdateServiceVMX\UpdateServiceVMX.vbproj", "{160A622D-D594-4131-BE3E-E4E2409ECAED}"
EndProject
Global
	GlobalSection(SolutionConfigurationPlatforms) = preSolution
		Debug|Any CPU = Debug|Any CPU
		Release|Any CPU = Release|Any CPU
	EndGlobalSection
	GlobalSection(ProjectConfigurationPlatforms) = postSolution
		{C25B2F00-9BCB-4048-B876-29052E534534}.Debug|Any CPU.ActiveCfg = Debug|Any CPU
		{C25B2F00-9BCB-4048-B876-29052E534534}.Debug|Any CPU.Build.0 = Debug|Any CPU
		{C25B2F00-9BCB-4048-B876-29052E534534}.Release|Any CPU.ActiveCfg = Release|Any CPU
		{C25B2F00-9BCB-4048-B876-29052E534534}.Release|Any CPU.Build.0 = Release|Any CPU
		{160A622D-D594-4131-BE3E-E4E2409ECAED}.Debug|Any CPU.ActiveCfg = Debug|Any CPU
		{160A622D-D594-4131-BE3E-E4E2409ECAED}.Debug|Any CPU.Build.0 = Debug|Any CPU
		{160A622D-D594-4131-BE3E-E4E2409ECAED}.Release|Any CPU.ActiveCfg = Release|Any CPU
		{160A622D-D594-4131-BE3E-E4E2409ECAED}.Release|Any CPU.Build.0 = Release|Any CPU
	EndGlobalSection
	GlobalSection(SolutionProperties) = preSolution
		HideSolutionNode = FALSE
	EndGlobalSection
EndGlobal
